
Microsoft Visual Studio Solution File, Format Version 12.00
# Visual Studio Version 17
VisualStudioVersion = 17.5.33516.290
MinimumVisualStudioVersion = 10.0.40219.1
Project("{9A19103F-16F7-4668-BE54-9A1E7A4F7556}") = "BLL", "BankAccount\BLL.csproj", "{9C8D76C6-B5CC-4BEF-9A6F-AB27F0C0244E}"
EndProject
Project("{9A19103F-16F7-4668-BE54-9A1E7A4F7556}") = "BankAccountTests", "BankAccountTests\BankAccountTests.csproj", "{13B16B6E-A126-4217-A181-E76158A878E6}"
EndProject
Project("{9A19103F-16F7-4668-BE54-9A1E7A4F7556}") = "Program", "Program\Program.csproj", "{39F6D80B-3B27-4088-91DF-A3EEA8F6888D}"
EndProject
Project("{9A19103F-16F7-4668-BE54-9A1E7A4F7556}") = "Storage", "FileStorage\Storage.csproj", "{D27B9A98-74C7-47A0-A4DA-7CDDB45D4427}"
EndProject
Global
	GlobalSection(SolutionConfigurationPlatforms) = preSolution
		Debug|Any CPU = Debug|Any CPU
		Release|Any CPU = Release|Any CPU
	EndGlobalSection
	GlobalSection(ProjectConfigurationPlatforms) = postSolution
		{9C8D76C6-B5CC-4BEF-9A6F-AB27F0C0244E}.Debug|Any CPU.ActiveCfg = Debug|Any CPU
		{9C8D76C6-B5CC-4BEF-9A6F-AB27F0C0244E}.Debug|Any CPU.Build.0 = Debug|Any CPU
		{9C8D76C6-B5CC-4BEF-9A6F-AB27F0C0244E}.Release|Any CPU.ActiveCfg = Release|Any CPU
		{9C8D76C6-B5CC-4BEF-9A6F-AB27F0C0244E}.Release|Any CPU.Build.0 = Release|Any CPU
		{13B16B6E-A126-4217-A181-E76158A878E6}.Debug|Any CPU.ActiveCfg = Debug|Any CPU
		{13B16B6E-A126-4217-A181-E76158A878E6}.Debug|Any CPU.Build.0 = Debug|Any CPU
		{13B16B6E-A126-4217-A181-E76158A878E6}.Release|Any CPU.ActiveCfg = Release|Any CPU
		{13B16B6E-A126-4217-A181-E76158A878E6}.Release|Any CPU.Build.0 = Release|Any CPU
		{39F6D80B-3B27-4088-91DF-A3EEA8F6888D}.Debug|Any CPU.ActiveCfg = Debug|Any CPU
		{39F6D80B-3B27-4088-91DF-A3EEA8F6888D}.Debug|Any CPU.Build.0 = Debug|Any CPU
		{39F6D80B-3B27-4088-91DF-A3EEA8F6888D}.Release|Any CPU.ActiveCfg = Release|Any CPU
		{39F6D80B-3B27-4088-91DF-A3EEA8F6888D}.Release|Any CPU.Build.0 = Release|Any CPU
		{D27B9A98-74C7-47A0-A4DA-7CDDB45D4427}.Debug|Any CPU.ActiveCfg = Debug|Any CPU
		{D27B9A98-74C7-47A0-A4DA-7CDDB45D4427}.Debug|Any CPU.Build.0 = Debug|Any CPU
		{D27B9A98-74C7-47A0-A4DA-7CDDB45D4427}.Release|Any CPU.ActiveCfg = Release|Any CPU
		{D27B9A98-74C7-47A0-A4DA-7CDDB45D4427}.Release|Any CPU.Build.0 = Release|Any CPU
	EndGlobalSection
	GlobalSection(SolutionProperties) = preSolution
		HideSolutionNode = FALSE
	EndGlobalSection
	GlobalSection(ExtensibilityGlobals) = postSolution
		SolutionGuid = {56E51006-47CB-4B8B-B58A-EC1FE7AFA3B2}
	EndGlobalSection
EndGlobal
